
Microsoft Visual Studio Solution File, Format Version 12.00
Project("{FAE04EC0-301F-11D3-BF4B-00C04F79EFBC}") = "CountSameValuesInArray", "CountSameValuesInArray\CountSameValuesInArray.csproj", "{0371C668-BAA7-4744-A9DB-E2D744454605}"
EndProject
Project("{FAE04EC0-301F-11D3-BF4B-00C04F79EFBC}") = "Demo", "Demo\Demo.csproj", "{0B904A43-512D-4269-8420-9A6820E5859D}"
EndProject
Global
	GlobalSection(SolutionConfigurationPlatforms) = preSolution
		Debug|Any CPU = Debug|Any CPU
		Release|Any CPU = Release|Any CPU
	EndGlobalSection
	GlobalSection(ProjectConfigurationPlatforms) = postSolution
		{0371C668-BAA7-4744-A9DB-E2D744454605}.Debug|Any CPU.ActiveCfg = Debug|Any CPU
		{0371C668-BAA7-4744-A9DB-E2D744454605}.Debug|Any CPU.Build.0 = Debug|Any CPU
		{0371C668-BAA7-4744-A9DB-E2D744454605}.Release|Any CPU.ActiveCfg = Release|Any CPU
		{0371C668-BAA7-4744-A9DB-E2D744454605}.Release|Any CPU.Build.0 = Release|Any CPU
		{0B904A43-512D-4269-8420-9A6820E5859D}.Debug|Any CPU.ActiveCfg = Debug|Any CPU
		{0B904A43-512D-4269-8420-9A6820E5859D}.Debug|Any CPU.Build.0 = Debug|Any CPU
		{0B904A43-512D-4269-8420-9A6820E5859D}.Release|Any CPU.ActiveCfg = Release|Any CPU
		{0B904A43-512D-4269-8420-9A6820E5859D}.Release|Any CPU.Build.0 = Release|Any CPU
	EndGlobalSection
EndGlobal
