
Microsoft Visual Studio Solution File, Format Version 12.00
# Visual Studio Version 17
VisualStudioVersion = 17.12.35527.113 d17.12
MinimumVisualStudioVersion = 10.0.40219.1
Project("{FAE04EC0-301F-11D3-BF4B-00C04F79EFBC}") = "SmallShop", "SmallShop\SmallShop.csproj", "{09EDCABE-3FE3-41FB-87B9-A5736381359B}"
EndProject
Project("{FAE04EC0-301F-11D3-BF4B-00C04F79EFBC}") = "NumberInRange", "NumberInRange\NumberInRange.csproj", "{7A2F45CF-20FF-47BC-89FA-32934EACFFBF}"
EndProject
Project("{FAE04EC0-301F-11D3-BF4B-00C04F79EFBC}") = "WorkingHours", "WorkingHours\WorkingHours.csproj", "{6E2F8C1E-A5FD-4914-903D-A95DE5E5FD7C}"
EndProject
Project("{FAE04EC0-301F-11D3-BF4B-00C04F79EFBC}") = "CinemaTicket", "CinemaTicket\CinemaTicket.csproj", "{A1F39CA9-B722-4AE4-B905-2F87F8DC4EA2}"
EndProject
Global
	GlobalSection(SolutionConfigurationPlatforms) = preSolution
		Debug|Any CPU = Debug|Any CPU
		Release|Any CPU = Release|Any CPU
	EndGlobalSection
	GlobalSection(ProjectConfigurationPlatforms) = postSolution
		{09EDCABE-3FE3-41FB-87B9-A5736381359B}.Debug|Any CPU.ActiveCfg = Debug|Any CPU
		{09EDCABE-3FE3-41FB-87B9-A5736381359B}.Debug|Any CPU.Build.0 = Debug|Any CPU
		{09EDCABE-3FE3-41FB-87B9-A5736381359B}.Release|Any CPU.ActiveCfg = Release|Any CPU
		{09EDCABE-3FE3-41FB-87B9-A5736381359B}.Release|Any CPU.Build.0 = Release|Any CPU
		{7A2F45CF-20FF-47BC-89FA-32934EACFFBF}.Debug|Any CPU.ActiveCfg = Debug|Any CPU
		{7A2F45CF-20FF-47BC-89FA-32934EACFFBF}.Debug|Any CPU.Build.0 = Debug|Any CPU
		{7A2F45CF-20FF-47BC-89FA-32934EACFFBF}.Release|Any CPU.ActiveCfg = Release|Any CPU
		{7A2F45CF-20FF-47BC-89FA-32934EACFFBF}.Release|Any CPU.Build.0 = Release|Any CPU
		{6E2F8C1E-A5FD-4914-903D-A95DE5E5FD7C}.Debug|Any CPU.ActiveCfg = Debug|Any CPU
		{6E2F8C1E-A5FD-4914-903D-A95DE5E5FD7C}.Debug|Any CPU.Build.0 = Debug|Any CPU
		{6E2F8C1E-A5FD-4914-903D-A95DE5E5FD7C}.Release|Any CPU.ActiveCfg = Release|Any CPU
		{6E2F8C1E-A5FD-4914-903D-A95DE5E5FD7C}.Release|Any CPU.Build.0 = Release|Any CPU
		{A1F39CA9-B722-4AE4-B905-2F87F8DC4EA2}.Debug|Any CPU.ActiveCfg = Debug|Any CPU
		{A1F39CA9-B722-4AE4-B905-2F87F8DC4EA2}.Debug|Any CPU.Build.0 = Debug|Any CPU
		{A1F39CA9-B722-4AE4-B905-2F87F8DC4EA2}.Release|Any CPU.ActiveCfg = Release|Any CPU
		{A1F39CA9-B722-4AE4-B905-2F87F8DC4EA2}.Release|Any CPU.Build.0 = Release|Any CPU
	EndGlobalSection
	GlobalSection(SolutionProperties) = preSolution
		HideSolutionNode = FALSE
	EndGlobalSection
EndGlobal
