
Microsoft Visual Studio Solution File, Format Version 12.00
# Visual Studio Version 17
VisualStudioVersion = 17.12.35527.113
MinimumVisualStudioVersion = 10.0.40219.1
Project("{FAE04EC0-301F-11D3-BF4B-00C04F79EFBC}") = "MagicSum", "MagicSum\MagicSum.csproj", "{AAFBE961-482D-4A29-BF49-5CD569F304FE}"
EndProject
Project("{FAE04EC0-301F-11D3-BF4B-00C04F79EFBC}") = "Demo", "Demo\Demo.csproj", "{1B0ABAE5-EB1F-46CC-8BAD-4D772DEA2061}"
EndProject
Global
	GlobalSection(SolutionConfigurationPlatforms) = preSolution
		Debug|Any CPU = Debug|Any CPU
		Release|Any CPU = Release|Any CPU
	EndGlobalSection
	GlobalSection(ProjectConfigurationPlatforms) = postSolution
		{AAFBE961-482D-4A29-BF49-5CD569F304FE}.Debug|Any CPU.ActiveCfg = Debug|Any CPU
		{AAFBE961-482D-4A29-BF49-5CD569F304FE}.Debug|Any CPU.Build.0 = Debug|Any CPU
		{AAFBE961-482D-4A29-BF49-5CD569F304FE}.Release|Any CPU.ActiveCfg = Release|Any CPU
		{AAFBE961-482D-4A29-BF49-5CD569F304FE}.Release|Any CPU.Build.0 = Release|Any CPU
		{1B0ABAE5-EB1F-46CC-8BAD-4D772DEA2061}.Debug|Any CPU.ActiveCfg = Debug|Any CPU
		{1B0ABAE5-EB1F-46CC-8BAD-4D772DEA2061}.Debug|Any CPU.Build.0 = Debug|Any CPU
		{1B0ABAE5-EB1F-46CC-8BAD-4D772DEA2061}.Release|Any CPU.ActiveCfg = Release|Any CPU
		{1B0ABAE5-EB1F-46CC-8BAD-4D772DEA2061}.Release|Any CPU.Build.0 = Release|Any CPU
	EndGlobalSection
	GlobalSection(SolutionProperties) = preSolution
		HideSolutionNode = FALSE
	EndGlobalSection
EndGlobal
